
Microsoft Visual Studio Solution File, Format Version 12.00
# Visual Studio 2012
Project("{FAE04EC0-301F-11D3-BF4B-00C04F79EFBC}") = "Exceptional", "source\exceptional.core\Exceptional.csproj", "{6F4B4FC3-B5A3-4CEE-B13A-7549887B3F5C}"
EndProject
Project("{FAE04EC0-301F-11D3-BF4B-00C04F79EFBC}") = "exceptional.core.tests.unit", "tests\exceptional.core.tests.unit\exceptional.core.tests.unit.csproj", "{28383F4F-CFA8-40AF-AD56-2E3FA96DCD9C}"
EndProject
Global
	GlobalSection(SolutionConfigurationPlatforms) = preSolution
		Debug|Any CPU = Debug|Any CPU
		Release|Any CPU = Release|Any CPU
	EndGlobalSection
	GlobalSection(ProjectConfigurationPlatforms) = postSolution
		{6F4B4FC3-B5A3-4CEE-B13A-7549887B3F5C}.Debug|Any CPU.ActiveCfg = Debug|Any CPU
		{6F4B4FC3-B5A3-4CEE-B13A-7549887B3F5C}.Debug|Any CPU.Build.0 = Debug|Any CPU
		{6F4B4FC3-B5A3-4CEE-B13A-7549887B3F5C}.Release|Any CPU.ActiveCfg = Release|Any CPU
		{6F4B4FC3-B5A3-4CEE-B13A-7549887B3F5C}.Release|Any CPU.Build.0 = Release|Any CPU
		{28383F4F-CFA8-40AF-AD56-2E3FA96DCD9C}.Debug|Any CPU.ActiveCfg = Debug|Any CPU
		{28383F4F-CFA8-40AF-AD56-2E3FA96DCD9C}.Debug|Any CPU.Build.0 = Debug|Any CPU
		{28383F4F-CFA8-40AF-AD56-2E3FA96DCD9C}.Release|Any CPU.ActiveCfg = Release|Any CPU
		{28383F4F-CFA8-40AF-AD56-2E3FA96DCD9C}.Release|Any CPU.Build.0 = Release|Any CPU
	EndGlobalSection
	GlobalSection(SolutionProperties) = preSolution
		HideSolutionNode = FALSE
	EndGlobalSection
EndGlobal
